<?xml version="1.0" encoding="utf-8"?>
<Project ToolsVersion="4.0" xmlns="http://schemas.microsoft.com/developer/msbuild/2003">
  <ItemGroup>
    <Filter Include="98.Default">
      <UniqueIdentifier>{505dbb78-4965-42ce-a1a1-9532b52bcf92}</UniqueIdentifier>
    </Filter>
    <Filter Include="00.MainApp">
      <UniqueIdentifier>{d9fd2301-2adc-4297-8e67-639f847fb590}</UniqueIdentifier>
    </Filter>
    <Filter Include="99.Defines">
      <UniqueIdentifier>{ac9086de-94de-4822-ae8c-26dec28c70c7}</UniqueIdentifier>
    </Filter>
    <Filter Include="01.Levels">
      <UniqueIdentifier>{789d874f-ce49-4332-82c7-3805cb5b9080}</UniqueIdentifier>
    </Filter>
    <Filter Include="02.GameObjects">
      <UniqueIdentifier>{3531814c-4b42-451a-9044-33e6ba5a8eab}</UniqueIdentifier>
    </Filter>
    <Filter Include="01.Levels\00.Loading">
      <UniqueIdentifier>{703e1f72-f965-4a5f-bc75-02795441baec}</UniqueIdentifier>
    </Filter>
    <Filter Include="01.Levels\01.Logo">
      <UniqueIdentifier>{d01c3f2b-2df6-4ab5-a228-50b69330939c}</UniqueIdentifier>
    </Filter>
    <Filter Include="01.Levels\02.GamePlay">
      <UniqueIdentifier>{0d2a1e61-f8a8-4688-bc84-0b1f67902fc9}</UniqueIdentifier>
    </Filter>
    <Filter Include="01.Levels\00.Loading\Loader">
      <UniqueIdentifier>{db88da8f-913a-4f03-b3b7-a148128660ca}</UniqueIdentifier>
    </Filter>
    <Filter Include="97.ShaderFiles">
      <UniqueIdentifier>{84640545-3351-4721-a11c-de1b2a88ed44}</UniqueIdentifier>
    </Filter>
    <Filter Include="02.GameObjects\BackGround">
      <UniqueIdentifier>{3cb37fbb-5a48-442b-857d-c8d7bd9d9f34}</UniqueIdentifier>
    </Filter>
    <Filter Include="02.GameObjects\Terrain">
      <UniqueIdentifier>{7cbdf00b-05f3-4112-a0c9-09e6a54c4fa7}</UniqueIdentifier>
    </Filter>
    <Filter Include="02.GameObjects\Camera">
      <UniqueIdentifier>{753f5023-0e15-42c5-950a-9aefad3b0ead}</UniqueIdentifier>
    </Filter>
    <Filter Include="02.GameObjects\Player">
      <UniqueIdentifier>{abc6b74f-e41e-4559-9c08-356e0bb3ccf6}</UniqueIdentifier>
    </Filter>
    <Filter Include="02.GameObjects\Monster">
      <UniqueIdentifier>{9f9aa060-c1d1-4c0c-9337-85dfe2c8a63d}</UniqueIdentifier>
    </Filter>
    <Filter Include="02.GameObjects\ForkLift">
      <UniqueIdentifier>{abb92046-4f30-44f4-85d8-25e7996f1904}</UniqueIdentifier>
    </Filter>
    <Filter Include="02.GameObjects\Sword">
      <UniqueIdentifier>{d72c527e-78f8-4271-aa66-c2a301396242}</UniqueIdentifier>
    </Filter>
    <Filter Include="98.Default\Imgui">
      <UniqueIdentifier>{d08824fd-4b7f-4ac9-83ff-0bfab31151ff}</UniqueIdentifier>
    </Filter>
    <Filter Include="ImguiMgr">
      <UniqueIdentifier>{bd22358b-d307-40f1-983e-2a42c50d8a99}</UniqueIdentifier>
    </Filter>
    <Filter Include="XML_Parser">
      <UniqueIdentifier>{7f100785-ccc0-4a4c-8f91-37baefc35752}</UniqueIdentifier>
    </Filter>
    <Filter Include="97.Manager">
      <UniqueIdentifier>{0aa36cc6-88f2-49e7-aa8c-3b6f0da72a97}</UniqueIdentifier>
    </Filter>
    <Filter Include="02.GameObjects\Boss">
      <UniqueIdentifier>{f935ba2f-c1e9-4115-84db-0af1e1616417}</UniqueIdentifier>
    </Filter>
    <Filter Include="02.GameObjects\Boss\Ras_Samrah">
      <UniqueIdentifier>{335f2b83-bd34-466d-bb76-df67bc8707a0}</UniqueIdentifier>
    </Filter>
    <Filter Include="02.GameObjects\Boss\Ras_Samrah\Hands">
      <UniqueIdentifier>{e9f67175-dd51-46cc-ad88-c3698f33ec63}</UniqueIdentifier>
    </Filter>
    <Filter Include="02.GameObjects\Boss\Ras_Samrah\Hammer">
      <UniqueIdentifier>{92965584-269c-40a0-a9a9-5728892a6959}</UniqueIdentifier>
    </Filter>
    <Filter Include="02.GameObjects\Effect">
      <UniqueIdentifier>{f743b907-5314-42f5-a177-f165223047ef}</UniqueIdentifier>
    </Filter>
    <Filter Include="02.GameObjects\Boss\Ras_Samrah\Hands\Hand1">
      <UniqueIdentifier>{1d65f8c2-3e40-4c2d-80f3-f3b39d7cc6d5}</UniqueIdentifier>
    </Filter>
    <Filter Include="02.GameObjects\Boss\Ras_Samrah\Hands\Hand2">
      <UniqueIdentifier>{814748eb-30a7-4739-a509-1da689f905ad}</UniqueIdentifier>
    </Filter>
    <Filter Include="02.GameObjects\Boss\Ras_Samrah\Hands\Hand3">
      <UniqueIdentifier>{3011b60d-4ff4-4cda-8ada-6791a6ea1f02}</UniqueIdentifier>
    </Filter>
    <Filter Include="02.GameObjects\Boss\Ras_Samrah\Chaudron">
      <UniqueIdentifier>{47937898-b44c-46f7-82b1-4205bdadc81c}</UniqueIdentifier>
    </Filter>
    <Filter Include="02.GameObjects\Boss\Ras_Samrah\Chaudron\EndChain">
      <UniqueIdentifier>{42fb6617-8b10-4574-b616-864e26afebb5}</UniqueIdentifier>
    </Filter>
    <Filter Include="GameMgr">
      <UniqueIdentifier>{acdb323e-eab9-4575-8155-ba917d293f2d}</UniqueIdentifier>
    </Filter>
    <Filter Include="02.GameObjects\Projectile">
      <UniqueIdentifier>{759a6b11-d71a-4337-b604-304bd1584454}</UniqueIdentifier>
    </Filter>
    <Filter Include="02.GameObjects\Static">
      <UniqueIdentifier>{e43fe79e-aae3-48b8-a01a-f5efe7c86e14}</UniqueIdentifier>
    </Filter>
    <Filter Include="02.GameObjects\Sky">
      <UniqueIdentifier>{fdac634d-baf9-4d40-a580-455bf08d41ac}</UniqueIdentifier>
    </Filter>
    <Filter Include="02.GameObjects\Monster\Homonculus">
      <UniqueIdentifier>{cf17dd0b-955b-4773-b18d-ca7e223510d6}</UniqueIdentifier>
    </Filter>
    <Filter Include="02.GameObjects\Boss\Ras_Samrah\Totem">
      <UniqueIdentifier>{8b63a07d-ac94-4de9-b0e7-3c651514c359}</UniqueIdentifier>
    </Filter>
    <Filter Include="02.GameObjects\Boss\Ras_Samrah\Cylinder">
      <UniqueIdentifier>{c936edc7-d17f-492a-b887-99b005ebdf40}</UniqueIdentifier>
    </Filter>
    <Filter Include="02.GameObjects\Boss\Yantari">
      <UniqueIdentifier>{cf370963-c587-477e-abcd-8a091551a720}</UniqueIdentifier>
    </Filter>
    <Filter Include="02.GameObjects\Boss\Yantari\Weapon">
      <UniqueIdentifier>{3369a6da-ef0a-4b70-ae48-38b61296cdef}</UniqueIdentifier>
    </Filter>
  </ItemGroup>
  <ItemGroup>
    <Text Include="ReadMe.txt" />
  </ItemGroup>
  <ItemGroup>
    <ClInclude Include="Client.h">
      <Filter>98.Default</Filter>
    </ClInclude>
    <ClInclude Include="Resource.h">
      <Filter>98.Default</Filter>
    </ClInclude>
    <ClInclude Include="stdafx.h">
      <Filter>98.Default</Filter>
    </ClInclude>
    <ClInclude Include="targetver.h">
      <Filter>98.Default</Filter>
    </ClInclude>
    <ClInclude Include="..\Public\MainApp.h">
      <Filter>00.MainApp</Filter>
    </ClInclude>
    <ClInclude Include="..\Public\Client_Defines.h">
      <Filter>99.Defines</Filter>
    </ClInclude>
    <ClInclude Include="..\Public\Level_GamePlay.h">
      <Filter>01.Levels\02.GamePlay</Filter>
    </ClInclude>
    <ClInclude Include="..\Public\Level_Loading.h">
      <Filter>01.Levels\00.Loading</Filter>
    </ClInclude>
    <ClInclude Include="..\Public\Level_Logo.h">
      <Filter>01.Levels\01.Logo</Filter>
    </ClInclude>
    <ClInclude Include="..\Public\Loader.h">
      <Filter>01.Levels\00.Loading\Loader</Filter>
    </ClInclude>
    <ClInclude Include="..\public\BackGround.h">
      <Filter>02.GameObjects\BackGround</Filter>
    </ClInclude>
    <ClInclude Include="..\Public\Terrain.h">
      <Filter>02.GameObjects\Terrain</Filter>
    </ClInclude>
    <ClInclude Include="..\Public\Camera_Free.h">
      <Filter>02.GameObjects\Camera</Filter>
    </ClInclude>
    <ClInclude Include="..\Public\Player.h">
      <Filter>02.GameObjects\Player</Filter>
    </ClInclude>
    <ClInclude Include="..\Public\Monster.h">
      <Filter>02.GameObjects\Monster</Filter>
    </ClInclude>
    <ClInclude Include="..\Public\ForkLift.h">
      <Filter>02.GameObjects\ForkLift</Filter>
    </ClInclude>
    <ClInclude Include="..\Public\Sword.h">
      <Filter>02.GameObjects\Sword</Filter>
    </ClInclude>
    <ClInclude Include="Imgui\imconfig.h">
      <Filter>98.Default\Imgui</Filter>
    </ClInclude>
    <ClInclude Include="Imgui\imgui.h">
      <Filter>98.Default\Imgui</Filter>
    </ClInclude>
    <ClInclude Include="Imgui\imgui_impl_dx11.h">
      <Filter>98.Default\Imgui</Filter>
    </ClInclude>
    <ClInclude Include="Imgui\imgui_impl_win32.h">
      <Filter>98.Default\Imgui</Filter>
    </ClInclude>
    <ClInclude Include="Imgui\imgui_internal.h">
      <Filter>98.Default\Imgui</Filter>
    </ClInclude>
    <ClInclude Include="Imgui\imstb_rectpack.h">
      <Filter>98.Default\Imgui</Filter>
    </ClInclude>
    <ClInclude Include="Imgui\imstb_textedit.h">
      <Filter>98.Default\Imgui</Filter>
    </ClInclude>
    <ClInclude Include="Imgui\imstb_truetype.h">
      <Filter>98.Default\Imgui</Filter>
    </ClInclude>
    <ClInclude Include="..\Public\ImGui_Manager.h">
      <Filter>ImguiMgr</Filter>
    </ClInclude>
    <ClInclude Include="..\Public\tinystr.h">
      <Filter>XML_Parser</Filter>
    </ClInclude>
    <ClInclude Include="..\Public\tinyxml.h">
      <Filter>XML_Parser</Filter>
    </ClInclude>
    <ClInclude Include="..\public\UI_Manager.h">
      <Filter>97.Manager</Filter>
    </ClInclude>
    <ClInclude Include="..\public\Ras_Samrah.h">
      <Filter>02.GameObjects\Boss\Ras_Samrah</Filter>
    </ClInclude>
    <ClInclude Include="..\public\Hammer.h">
      <Filter>02.GameObjects\Boss\Ras_Samrah\Hammer</Filter>
    </ClInclude>
    <ClInclude Include="..\Public\Particle_Rect.h">
      <Filter>02.GameObjects\Effect</Filter>
    </ClInclude>
    <ClInclude Include="..\Bin\ShaderFiles\Client_Shader_Defines.hpp">
      <Filter>97.ShaderFiles</Filter>
    </ClInclude>
    <ClInclude Include="..\public\Chaudron.h">
      <Filter>02.GameObjects\Boss\Ras_Samrah\Chaudron</Filter>
    </ClInclude>
    <ClInclude Include="..\public\ChaudronChain.h">
      <Filter>02.GameObjects\Boss\Ras_Samrah\Chaudron</Filter>
    </ClInclude>
    <ClInclude Include="..\public\EndChain.h">
      <Filter>02.GameObjects\Boss\Ras_Samrah\Chaudron\EndChain</Filter>
    </ClInclude>
    <ClInclude Include="..\public\GameMgr.h">
      <Filter>GameMgr</Filter>
    </ClInclude>
    <ClInclude Include="..\public\Ras_Hands.h">
      <Filter>02.GameObjects\Boss\Ras_Samrah\Hands\Hand1</Filter>
    </ClInclude>
    <ClInclude Include="..\public\Ras_Hands2.h">
      <Filter>02.GameObjects\Boss\Ras_Samrah\Hands\Hand2</Filter>
    </ClInclude>
    <ClInclude Include="..\public\Ras_Hands3.h">
      <Filter>02.GameObjects\Boss\Ras_Samrah\Hands\Hand3</Filter>
    </ClInclude>
    <ClInclude Include="..\public\StaticObject.h">
      <Filter>02.GameObjects\Static</Filter>
    </ClInclude>
    <ClInclude Include="..\public\Projectile.h">
      <Filter>02.GameObjects\Projectile</Filter>
    </ClInclude>
    <ClInclude Include="..\Public\Sky.h">
      <Filter>02.GameObjects\Sky</Filter>
    </ClInclude>
    <ClInclude Include="..\public\Homonculus.h">
      <Filter>02.GameObjects\Monster\Homonculus</Filter>
    </ClInclude>
    <ClInclude Include="..\public\Totem.h">
      <Filter>02.GameObjects\Boss\Ras_Samrah\Totem</Filter>
    </ClInclude>
    <ClInclude Include="..\public\Cylinder.h">
      <Filter>02.GameObjects\Boss\Ras_Samrah\Cylinder</Filter>
    </ClInclude>
    <ClInclude Include="..\public\Yantari.h">
      <Filter>02.GameObjects\Boss\Yantari</Filter>
    </ClInclude>
    <ClInclude Include="..\public\YantariWeapon.h">
      <Filter>02.GameObjects\Boss\Yantari\Weapon</Filter>
    </ClInclude>
  </ItemGroup>
  <ItemGroup>
    <ClCompile Include="Client.cpp">
      <Filter>98.Default</Filter>
    </ClCompile>
    <ClCompile Include="stdafx.cpp">
      <Filter>98.Default</Filter>
    </ClCompile>
    <ClCompile Include="..\Private\MainApp.cpp">
      <Filter>00.MainApp</Filter>
    </ClCompile>
    <ClCompile Include="..\Private\Level_GamePlay.cpp">
      <Filter>01.Levels\02.GamePlay</Filter>
    </ClCompile>
    <ClCompile Include="..\Private\Level_Loading.cpp">
      <Filter>01.Levels\00.Loading</Filter>
    </ClCompile>
    <ClCompile Include="..\Private\Level_Logo.cpp">
      <Filter>01.Levels\01.Logo</Filter>
    </ClCompile>
    <ClCompile Include="..\Private\Loader.cpp">
      <Filter>01.Levels\00.Loading\Loader</Filter>
    </ClCompile>
    <ClCompile Include="..\private\BackGround.cpp">
      <Filter>02.GameObjects\BackGround</Filter>
    </ClCompile>
    <ClCompile Include="..\Private\Terrain.cpp">
      <Filter>02.GameObjects\Terrain</Filter>
    </ClCompile>
    <ClCompile Include="..\Private\Camera_Free.cpp">
      <Filter>02.GameObjects\Camera</Filter>
    </ClCompile>
    <ClCompile Include="..\Private\Player.cpp">
      <Filter>02.GameObjects\Player</Filter>
    </ClCompile>
    <ClCompile Include="..\Private\Monster.cpp">
      <Filter>02.GameObjects\Monster</Filter>
    </ClCompile>
    <ClCompile Include="..\Private\ForkLift.cpp">
      <Filter>02.GameObjects\ForkLift</Filter>
    </ClCompile>
    <ClCompile Include="..\Private\Sword.cpp">
      <Filter>02.GameObjects\Sword</Filter>
    </ClCompile>
    <ClCompile Include="Imgui\imgui.cpp">
      <Filter>98.Default\Imgui</Filter>
    </ClCompile>
    <ClCompile Include="Imgui\imgui_demo.cpp">
      <Filter>98.Default\Imgui</Filter>
    </ClCompile>
    <ClCompile Include="Imgui\imgui_draw.cpp">
      <Filter>98.Default\Imgui</Filter>
    </ClCompile>
    <ClCompile Include="Imgui\imgui_impl_dx11.cpp">
      <Filter>98.Default\Imgui</Filter>
    </ClCompile>
    <ClCompile Include="Imgui\imgui_impl_win32.cpp">
      <Filter>98.Default\Imgui</Filter>
    </ClCompile>
    <ClCompile Include="Imgui\imgui_tables.cpp">
      <Filter>98.Default\Imgui</Filter>
    </ClCompile>
    <ClCompile Include="Imgui\imgui_widgets.cpp">
      <Filter>98.Default\Imgui</Filter>
    </ClCompile>
    <ClCompile Include="..\Private\ImGui_Manager.cpp">
      <Filter>ImguiMgr</Filter>
    </ClCompile>
    <ClCompile Include="..\Private\tinyxml.cpp">
      <Filter>XML_Parser</Filter>
    </ClCompile>
    <ClCompile Include="..\Private\tinyxmlerror.cpp">
      <Filter>XML_Parser</Filter>
    </ClCompile>
    <ClCompile Include="..\Private\tinyxmlparser.cpp">
      <Filter>XML_Parser</Filter>
    </ClCompile>
    <ClCompile Include="..\Private\tinystr.cpp">
      <Filter>XML_Parser</Filter>
    </ClCompile>
    <ClCompile Include="..\private\UI_Manager.cpp">
      <Filter>97.Manager</Filter>
    </ClCompile>
    <ClCompile Include="..\private\Ras_Samrah.cpp">
      <Filter>02.GameObjects\Boss\Ras_Samrah</Filter>
    </ClCompile>
    <ClCompile Include="..\private\Hammer.cpp">
      <Filter>02.GameObjects\Boss\Ras_Samrah\Hammer</Filter>
    </ClCompile>
    <ClCompile Include="..\Private\Particle_Rect.cpp">
      <Filter>02.GameObjects\Effect</Filter>
    </ClCompile>
    <ClCompile Include="..\private\Chaudron.cpp">
      <Filter>02.GameObjects\Boss\Ras_Samrah\Chaudron</Filter>
    </ClCompile>
    <ClCompile Include="..\private\ChaudronChain.cpp">
      <Filter>02.GameObjects\Boss\Ras_Samrah\Chaudron</Filter>
    </ClCompile>
    <ClCompile Include="..\private\EndChain.cpp">
      <Filter>02.GameObjects\Boss\Ras_Samrah\Chaudron\EndChain</Filter>
    </ClCompile>
    <ClCompile Include="..\private\GameMgr.cpp">
      <Filter>GameMgr</Filter>
    </ClCompile>
    <ClCompile Include="..\private\Ras_Hands.cpp">
      <Filter>02.GameObjects\Boss\Ras_Samrah\Hands\Hand1</Filter>
    </ClCompile>
    <ClCompile Include="..\private\Ras_Hands2.cpp">
      <Filter>02.GameObjects\Boss\Ras_Samrah\Hands\Hand2</Filter>
    </ClCompile>
    <ClCompile Include="..\private\Ras_Hands3.cpp">
      <Filter>02.GameObjects\Boss\Ras_Samrah\Hands\Hand3</Filter>
    </ClCompile>
    <ClCompile Include="..\private\StaticObject.cpp">
      <Filter>02.GameObjects\Static</Filter>
    </ClCompile>
    <ClCompile Include="..\private\Projectile.cpp">
      <Filter>02.GameObjects\Projectile</Filter>
    </ClCompile>
    <ClCompile Include="..\Private\Sky.cpp">
      <Filter>02.GameObjects\Sky</Filter>
    </ClCompile>
    <ClCompile Include="..\Private\Homonculus.cpp">
      <Filter>02.GameObjects\Monster\Homonculus</Filter>
    </ClCompile>
    <ClCompile Include="..\private\Totem.cpp">
      <Filter>02.GameObjects\Boss\Ras_Samrah\Totem</Filter>
    </ClCompile>
    <ClCompile Include="..\private\Cylinder.cpp">
      <Filter>02.GameObjects\Boss\Ras_Samrah\Cylinder</Filter>
    </ClCompile>
    <ClCompile Include="..\private\Yantari.cpp">
      <Filter>02.GameObjects\Boss\Yantari</Filter>
    </ClCompile>
    <ClCompile Include="..\private\YantariWeapon.cpp">
      <Filter>02.GameObjects\Boss\Yantari\Weapon</Filter>
    </ClCompile>
  </ItemGroup>
  <ItemGroup>
    <Image Include="Client.ico">
      <Filter>98.Default</Filter>
    </Image>
    <Image Include="small.ico">
      <Filter>98.Default</Filter>
    </Image>
  </ItemGroup>
  <ItemGroup>
    <ResourceCompile Include="Client.rc">
      <Filter>98.Default</Filter>
    </ResourceCompile>
  </ItemGroup>
  <ItemGroup>
    <FxCompile Include="..\Bin\ShaderFiles\Shader_VtxTex.hlsl">
      <Filter>97.ShaderFiles</Filter>
    </FxCompile>
    <FxCompile Include="..\Bin\ShaderFiles\Shader_VtxNorTex.hlsl">
      <Filter>97.ShaderFiles</Filter>
    </FxCompile>
    <FxCompile Include="..\Bin\ShaderFiles\Shader_VtxModel.hlsl">
      <Filter>97.ShaderFiles</Filter>
    </FxCompile>
    <FxCompile Include="..\Bin\ShaderFiles\Shader_VtxAnimModel.hlsl">
      <Filter>97.ShaderFiles</Filter>
    </FxCompile>
    <FxCompile Include="..\Bin\ShaderFiles\Shader_VtxCubeTex.hlsl">
      <Filter>97.ShaderFiles</Filter>
    </FxCompile>
    <FxCompile Include="..\Bin\ShaderFiles\Shader_VtxPointInstance.hlsl">
      <Filter>97.ShaderFiles</Filter>
    </FxCompile>
    <FxCompile Include="..\Bin\ShaderFiles\Shader_VtxRectInstance.hlsl">
      <Filter>97.ShaderFiles</Filter>
    </FxCompile>
    <FxCompile Include="..\Bin\ShaderFiles\Shader_VtxModelInstance.hlsl">
      <Filter>97.ShaderFiles</Filter>
    </FxCompile>
  </ItemGroup>
</Project>